
Microsoft Visual Studio Solution File, Format Version 12.00
# Visual Studio Version 17
VisualStudioVersion = 17.10.35122.118
MinimumVisualStudioVersion = 10.0.40219.1
Project("{9A19103F-16F7-4668-BE54-9A1E7A4F7556}") = "PrimerEjemplo", "PrimerEjemplo\PrimerEjemplo.csproj", "{48911228-A080-4119-AE30-61C11A48468E}"
EndProject
Project("{FAE04EC0-301F-11D3-BF4B-00C04F79EFBC}") = "ServidorAPIparaMAUI", "ServidorAPIparaMAUI\ServidorAPIparaMAUI.csproj", "{9A1120D0-B118-42D6-BB52-003219A7DFB0}"
EndProject
Global
	GlobalSection(SolutionConfigurationPlatforms) = preSolution
		Debug|Any CPU = Debug|Any CPU
		Release|Any CPU = Release|Any CPU
	EndGlobalSection
	GlobalSection(ProjectConfigurationPlatforms) = postSolution
		{48911228-A080-4119-AE30-61C11A48468E}.Debug|Any CPU.ActiveCfg = Debug|Any CPU
		{48911228-A080-4119-AE30-61C11A48468E}.Debug|Any CPU.Build.0 = Debug|Any CPU
		{48911228-A080-4119-AE30-61C11A48468E}.Debug|Any CPU.Deploy.0 = Debug|Any CPU
		{48911228-A080-4119-AE30-61C11A48468E}.Release|Any CPU.ActiveCfg = Release|Any CPU
		{48911228-A080-4119-AE30-61C11A48468E}.Release|Any CPU.Build.0 = Release|Any CPU
		{48911228-A080-4119-AE30-61C11A48468E}.Release|Any CPU.Deploy.0 = Release|Any CPU
		{9A1120D0-B118-42D6-BB52-003219A7DFB0}.Debug|Any CPU.ActiveCfg = Debug|Any CPU
		{9A1120D0-B118-42D6-BB52-003219A7DFB0}.Debug|Any CPU.Build.0 = Debug|Any CPU
		{9A1120D0-B118-42D6-BB52-003219A7DFB0}.Release|Any CPU.ActiveCfg = Release|Any CPU
		{9A1120D0-B118-42D6-BB52-003219A7DFB0}.Release|Any CPU.Build.0 = Release|Any CPU
	EndGlobalSection
	GlobalSection(SolutionProperties) = preSolution
		HideSolutionNode = FALSE
	EndGlobalSection
	GlobalSection(ExtensibilityGlobals) = postSolution
		SolutionGuid = {25B64263-6B18-4824-BB8E-9E1E5990526C}
	EndGlobalSection
EndGlobal
